
Microsoft Visual Studio Solution File, Format Version 12.00
# Visual Studio 2017
Project("{FAE04EC0-301F-11D3-BF4B-00C04F79EFBC}") = "IGB283 Assignment 1", "IGB283 Assignment 1.csproj", "{BE84A1EF-7A44-7880-45BC-87628BEDB5F1}"
EndProject
Global
	GlobalSection(SolutionConfigurationPlatforms) = preSolution
		Debug|Any CPU = Debug|Any CPU
		Release|Any CPU = Release|Any CPU
	EndGlobalSection
	GlobalSection(ProjectConfigurationPlatforms) = postSolution
		{BE84A1EF-7A44-7880-45BC-87628BEDB5F1}.Debug|Any CPU.ActiveCfg = Debug|Any CPU
		{BE84A1EF-7A44-7880-45BC-87628BEDB5F1}.Debug|Any CPU.Build.0 = Debug|Any CPU
		{BE84A1EF-7A44-7880-45BC-87628BEDB5F1}.Release|Any CPU.ActiveCfg = Release|Any CPU
		{BE84A1EF-7A44-7880-45BC-87628BEDB5F1}.Release|Any CPU.Build.0 = Release|Any CPU
	EndGlobalSection
	GlobalSection(SolutionProperties) = preSolution
		HideSolutionNode = FALSE
	EndGlobalSection
EndGlobal
